
Microsoft Visual Studio Solution File, Format Version 12.00
# Visual Studio Version 17
VisualStudioVersion = 17.3.32811.315
MinimumVisualStudioVersion = 10.0.40219.1
Project("{FAE04EC0-301F-11D3-BF4B-00C04F79EFBC}") = "Zork", "Zork\Zork.csproj", "{A9530544-322A-4528-BB0B-25192C0EA302}"
EndProject
Global
	GlobalSection(SolutionConfigurationPlatforms) = preSolution
		Debug|Any CPU = Debug|Any CPU
		Release|Any CPU = Release|Any CPU
	EndGlobalSection
	GlobalSection(ProjectConfigurationPlatforms) = postSolution
		{A9530544-322A-4528-BB0B-25192C0EA302}.Debug|Any CPU.ActiveCfg = Debug|Any CPU
		{A9530544-322A-4528-BB0B-25192C0EA302}.Debug|Any CPU.Build.0 = Debug|Any CPU
		{A9530544-322A-4528-BB0B-25192C0EA302}.Release|Any CPU.ActiveCfg = Release|Any CPU
		{A9530544-322A-4528-BB0B-25192C0EA302}.Release|Any CPU.Build.0 = Release|Any CPU
	EndGlobalSection
	GlobalSection(SolutionProperties) = preSolution
		HideSolutionNode = FALSE
	EndGlobalSection
	GlobalSection(ExtensibilityGlobals) = postSolution
		SolutionGuid = {BE1E6623-C1CC-4D9A-8446-B78D4E7F62AD}
	EndGlobalSection
EndGlobal
